
Microsoft Visual Studio Solution File, Format Version 12.00
Project("{FAE04EC0-301F-11D3-BF4B-00C04F79EFBC}") = "Books.Presentation", "Books.Presentation\Books.Presentation.csproj", "{0A35D201-DF3A-4B16-A771-62C67A012FA3}"
EndProject
Project("{FAE04EC0-301F-11D3-BF4B-00C04F79EFBC}") = "Books.Application", "Books.Application\Books.Application.csproj", "{7382B4FF-C1FC-46DB-A578-25C50BCB9FCB}"
EndProject
Project("{FAE04EC0-301F-11D3-BF4B-00C04F79EFBC}") = "Books.Core", "Books.Core\Books.Core.csproj", "{39447DDB-2626-4247-93E3-A00A7B585090}"
EndProject
Project("{FAE04EC0-301F-11D3-BF4B-00C04F79EFBC}") = "Books.Infrastructure", "Books.Infrastructure\Books.Infrastructure.csproj", "{EE32B7C5-203C-4F3D-8B15-3D40AAFB45F9}"
EndProject
Global
	GlobalSection(SolutionConfigurationPlatforms) = preSolution
		Debug|Any CPU = Debug|Any CPU
		Release|Any CPU = Release|Any CPU
	EndGlobalSection
	GlobalSection(ProjectConfigurationPlatforms) = postSolution
		{0A35D201-DF3A-4B16-A771-62C67A012FA3}.Debug|Any CPU.ActiveCfg = Debug|Any CPU
		{0A35D201-DF3A-4B16-A771-62C67A012FA3}.Debug|Any CPU.Build.0 = Debug|Any CPU
		{0A35D201-DF3A-4B16-A771-62C67A012FA3}.Release|Any CPU.ActiveCfg = Release|Any CPU
		{0A35D201-DF3A-4B16-A771-62C67A012FA3}.Release|Any CPU.Build.0 = Release|Any CPU
		{7382B4FF-C1FC-46DB-A578-25C50BCB9FCB}.Debug|Any CPU.ActiveCfg = Debug|Any CPU
		{7382B4FF-C1FC-46DB-A578-25C50BCB9FCB}.Debug|Any CPU.Build.0 = Debug|Any CPU
		{7382B4FF-C1FC-46DB-A578-25C50BCB9FCB}.Release|Any CPU.ActiveCfg = Release|Any CPU
		{7382B4FF-C1FC-46DB-A578-25C50BCB9FCB}.Release|Any CPU.Build.0 = Release|Any CPU
		{39447DDB-2626-4247-93E3-A00A7B585090}.Debug|Any CPU.ActiveCfg = Debug|Any CPU
		{39447DDB-2626-4247-93E3-A00A7B585090}.Debug|Any CPU.Build.0 = Debug|Any CPU
		{39447DDB-2626-4247-93E3-A00A7B585090}.Release|Any CPU.ActiveCfg = Release|Any CPU
		{39447DDB-2626-4247-93E3-A00A7B585090}.Release|Any CPU.Build.0 = Release|Any CPU
		{EE32B7C5-203C-4F3D-8B15-3D40AAFB45F9}.Debug|Any CPU.ActiveCfg = Debug|Any CPU
		{EE32B7C5-203C-4F3D-8B15-3D40AAFB45F9}.Debug|Any CPU.Build.0 = Debug|Any CPU
		{EE32B7C5-203C-4F3D-8B15-3D40AAFB45F9}.Release|Any CPU.ActiveCfg = Release|Any CPU
		{EE32B7C5-203C-4F3D-8B15-3D40AAFB45F9}.Release|Any CPU.Build.0 = Release|Any CPU
	EndGlobalSection
EndGlobal
